
Microsoft Visual Studio Solution File, Format Version 12.00
# Visual Studio Version 16
VisualStudioVersion = 16.0.30717.126
MinimumVisualStudioVersion = 10.0.40219.1
Project("{8BC9CEB8-8B4A-11D0-8D11-00A0C91BC942}") = "os_termproj3_bankers", "os_termproj3_bankers\os_termproj3_bankers.vcxproj", "{4474FDFE-F671-47F8-BC68-C025A128126E}"
EndProject
Global
	GlobalSection(SolutionConfigurationPlatforms) = preSolution
		Debug|x64 = Debug|x64
		Debug|x86 = Debug|x86
		Release|x64 = Release|x64
		Release|x86 = Release|x86
	EndGlobalSection
	GlobalSection(ProjectConfigurationPlatforms) = postSolution
		{4474FDFE-F671-47F8-BC68-C025A128126E}.Debug|x64.ActiveCfg = Debug|x64
		{4474FDFE-F671-47F8-BC68-C025A128126E}.Debug|x64.Build.0 = Debug|x64
		{4474FDFE-F671-47F8-BC68-C025A128126E}.Debug|x86.ActiveCfg = Debug|Win32
		{4474FDFE-F671-47F8-BC68-C025A128126E}.Debug|x86.Build.0 = Debug|Win32
		{4474FDFE-F671-47F8-BC68-C025A128126E}.Release|x64.ActiveCfg = Release|x64
		{4474FDFE-F671-47F8-BC68-C025A128126E}.Release|x64.Build.0 = Release|x64
		{4474FDFE-F671-47F8-BC68-C025A128126E}.Release|x86.ActiveCfg = Release|Win32
		{4474FDFE-F671-47F8-BC68-C025A128126E}.Release|x86.Build.0 = Release|Win32
	EndGlobalSection
	GlobalSection(SolutionProperties) = preSolution
		HideSolutionNode = FALSE
	EndGlobalSection
	GlobalSection(ExtensibilityGlobals) = postSolution
		SolutionGuid = {6F5E1689-D507-4F62-8EE4-E3004EB2978D}
	EndGlobalSection
EndGlobal
